
Microsoft Visual Studio Solution File, Format Version 12.00
# Visual Studio Version 17
VisualStudioVersion = 17.4.33403.182
MinimumVisualStudioVersion = 10.0.40219.1
Project("{FAE04EC0-301F-11D3-BF4B-00C04F79EFBC}") = "icyMatcha", "icyMatcha\icyMatcha.csproj", "{515A824A-5750-4083-BEBE-BB9AD24588CE}"
EndProject
Global
	GlobalSection(SolutionConfigurationPlatforms) = preSolution
		Debug|Any CPU = Debug|Any CPU
		Release|Any CPU = Release|Any CPU
	EndGlobalSection
	GlobalSection(ProjectConfigurationPlatforms) = postSolution
		{515A824A-5750-4083-BEBE-BB9AD24588CE}.Debug|Any CPU.ActiveCfg = Debug|Any CPU
		{515A824A-5750-4083-BEBE-BB9AD24588CE}.Debug|Any CPU.Build.0 = Debug|Any CPU
		{515A824A-5750-4083-BEBE-BB9AD24588CE}.Release|Any CPU.ActiveCfg = Release|Any CPU
		{515A824A-5750-4083-BEBE-BB9AD24588CE}.Release|Any CPU.Build.0 = Release|Any CPU
	EndGlobalSection
	GlobalSection(SolutionProperties) = preSolution
		HideSolutionNode = FALSE
	EndGlobalSection
	GlobalSection(ExtensibilityGlobals) = postSolution
		SolutionGuid = {4C6F6B89-F8E9-4D5F-BE90-65E28AF31BBE}
	EndGlobalSection
EndGlobal
